
Microsoft Visual Studio Solution File, Format Version 12.00
# Visual Studio Version 16
VisualStudioVersion = 16.0.28902.138
MinimumVisualStudioVersion = 10.0.40219.1
Project("{FAE04EC0-301F-11D3-BF4B-00C04F79EFBC}") = "ASPNETCore_EmptyProject2", "ASPNETCore_EmptyProject2\ASPNETCore_EmptyProject2.csproj", "{040F8D0C-65F9-4C4C-97B1-9CABBE0D5ED0}"
EndProject
Global
	GlobalSection(SolutionConfigurationPlatforms) = preSolution
		Debug|Any CPU = Debug|Any CPU
		Release|Any CPU = Release|Any CPU
	EndGlobalSection
	GlobalSection(ProjectConfigurationPlatforms) = postSolution
		{040F8D0C-65F9-4C4C-97B1-9CABBE0D5ED0}.Debug|Any CPU.ActiveCfg = Debug|Any CPU
		{040F8D0C-65F9-4C4C-97B1-9CABBE0D5ED0}.Debug|Any CPU.Build.0 = Debug|Any CPU
		{040F8D0C-65F9-4C4C-97B1-9CABBE0D5ED0}.Release|Any CPU.ActiveCfg = Release|Any CPU
		{040F8D0C-65F9-4C4C-97B1-9CABBE0D5ED0}.Release|Any CPU.Build.0 = Release|Any CPU
	EndGlobalSection
	GlobalSection(SolutionProperties) = preSolution
		HideSolutionNode = FALSE
	EndGlobalSection
	GlobalSection(ExtensibilityGlobals) = postSolution
		SolutionGuid = {6B2623C8-D13D-4BF8-9880-D29D2EACFCEB}
	EndGlobalSection
EndGlobal
